
Microsoft Visual Studio Solution File, Format Version 12.00
# Visual Studio 15
VisualStudioVersion = 15.0.28307.271
MinimumVisualStudioVersion = 10.0.40219.1
Project("{FAE04EC0-301F-11D3-BF4B-00C04F79EFBC}") = "CurrentCompetition", "src\CurrentCompetition\CurrentCompetition.csproj", "{AC0AF061-D7CD-47EF-9CF0-5090E412AEA2}"
EndProject
Project("{FAE04EC0-301F-11D3-BF4B-00C04F79EFBC}") = "BeatSaberMods.Shared", "src\BeatSaberMods.Shared\BeatSaberMods.Shared.csproj", "{5FADC09D-FDA2-4782-869F-BD18101AD7AB}"
EndProject
Global
	GlobalSection(SolutionConfigurationPlatforms) = preSolution
		Debug|Any CPU = Debug|Any CPU
		Release|Any CPU = Release|Any CPU
	EndGlobalSection
	GlobalSection(ProjectConfigurationPlatforms) = postSolution
		{AC0AF061-D7CD-47EF-9CF0-5090E412AEA2}.Debug|Any CPU.ActiveCfg = Debug|Any CPU
		{AC0AF061-D7CD-47EF-9CF0-5090E412AEA2}.Debug|Any CPU.Build.0 = Debug|Any CPU
		{AC0AF061-D7CD-47EF-9CF0-5090E412AEA2}.Release|Any CPU.ActiveCfg = Release|Any CPU
		{AC0AF061-D7CD-47EF-9CF0-5090E412AEA2}.Release|Any CPU.Build.0 = Release|Any CPU
		{5FADC09D-FDA2-4782-869F-BD18101AD7AB}.Debug|Any CPU.ActiveCfg = Debug|Any CPU
		{5FADC09D-FDA2-4782-869F-BD18101AD7AB}.Debug|Any CPU.Build.0 = Debug|Any CPU
		{5FADC09D-FDA2-4782-869F-BD18101AD7AB}.Release|Any CPU.ActiveCfg = Release|Any CPU
		{5FADC09D-FDA2-4782-869F-BD18101AD7AB}.Release|Any CPU.Build.0 = Release|Any CPU
	EndGlobalSection
	GlobalSection(SolutionProperties) = preSolution
		HideSolutionNode = FALSE
	EndGlobalSection
	GlobalSection(ExtensibilityGlobals) = postSolution
		SolutionGuid = {96779886-D28F-4504-B940-6F1F2BAEB154}
	EndGlobalSection
EndGlobal
